
Microsoft Visual Studio Solution File, Format Version 12.00
# Visual Studio Version 16
VisualStudioVersion = 16.0.31205.134
MinimumVisualStudioVersion = 10.0.40219.1
Project("{8BC9CEB8-8B4A-11D0-8D11-00A0C91BC942}") = "Trainer", "Trainer\Trainer.vcxproj", "{90325998-B9A4-45B0-AA63-887F0A17694F}"
EndProject
Global
	GlobalSection(SolutionConfigurationPlatforms) = preSolution
		Debug|x64 = Debug|x64
		Release|x64 = Release|x64
	EndGlobalSection
	GlobalSection(ProjectConfigurationPlatforms) = postSolution
		{90325998-B9A4-45B0-AA63-887F0A17694F}.Debug|x64.ActiveCfg = Debug|x64
		{90325998-B9A4-45B0-AA63-887F0A17694F}.Debug|x64.Build.0 = Debug|x64
		{90325998-B9A4-45B0-AA63-887F0A17694F}.Release|x64.ActiveCfg = Release|x64
		{90325998-B9A4-45B0-AA63-887F0A17694F}.Release|x64.Build.0 = Release|x64
	EndGlobalSection
	GlobalSection(SolutionProperties) = preSolution
		HideSolutionNode = FALSE
	EndGlobalSection
	GlobalSection(ExtensibilityGlobals) = postSolution
		SolutionGuid = {2BCE5CA2-F690-4FB3-9230-D5F06078F190}
	EndGlobalSection
EndGlobal
